{
  "name": "vue-repos",
  "version": "1.0.0",
  "lockfileVersion": 1,
  "requires": true,
  "dependencies": {
    "ajv": {
      "version": "5.5.2",
      "resolved": "http://registry.npm.taobao.org/ajv/download/ajv-5.5.2.tgz",
      "integrity": "sha1-c7Xuyj+rZT49P5Qis0GtQiBdyWU=",
      "dev": true,
      "optional": true,
      "requires": {
        "co": "^4.6.0",
        "fast-deep-equal": "^1.0.0",
        "fast-json-stable-stringify": "^2.0.0",
        "json-schema-traverse": "^0.3.0"
      }
    },
    "array-union": {
      "version": "1.0.2",
      "resolved": "https://registry.npmjs.org/array-union/-/array-union-1.0.2.tgz",
      "integrity": "sha1-mjRBDk9OPaI96jdb5b5w8kd47Dk=",
      "dev": true,
      "requires": {
        "array-uniq": "^1.0.1"
      }
    },
    "array-uniq": {
      "version": "1.0.3",
      "resolved": "https://registry.npmjs.org/array-uniq/-/array-uniq-1.0.3.tgz",
      "integrity": "sha1-r2rId6Jcx/dOBYiUdThY39sk/bY=",
      "dev": true
    },
    "asap": {
      "version": "2.0.6",
      "resolved": "http://registry.npm.taobao.org/asap/download/asap-2.0.6.tgz",
      "integrity": "sha1-5QNHYR1+aQlDIIu9r+vLwvuGbUY=",
      "dev": true,
      "optional": true
    },
    "asn1": {
      "version": "0.2.3",
      "resolved": "http://registry.npm.taobao.org/asn1/download/asn1-0.2.3.tgz",
      "integrity": "sha1-2sh4dxPJlmhJ/IGAd36+nB3fO4Y=",
      "dev": true,
      "optional": true
    },
    "assert-plus": {
      "version": "1.0.0",
      "resolved": "http://registry.npm.taobao.org/assert-plus/download/assert-plus-1.0.0.tgz",
      "integrity": "sha1-8S4PPF13sLHN2RRpQuTpbB5N1SU=",
      "dev": true,
      "optional": true
    },
    "async": {
      "version": "2.6.3",
      "resolved": "https://registry.npmjs.org/async/-/async-2.6.3.tgz",
      "integrity": "sha512-zflvls11DCy+dQWzTW2dzuilv8Z5X/pjfmZOWba6TNIVDm+2UDaJmXSOXlasHKfNBs8oo3M0aT50fDEWfKZjXg==",
      "dev": true,
      "requires": {
        "lodash": "^4.17.14"
      },
      "dependencies": {
        "lodash": {
          "version": "4.17.15",
          "resolved": "https://registry.npmjs.org/lodash/-/lodash-4.17.15.tgz",
          "integrity": "sha512-8xOcRHvCjnocdS5cpwXQXVzmmh5e5+saE2QGoeQmbKmRS6J3VQppPOIt0MnmE+4xlZoumy0GPG0D0MVIQbNA1A==",
          "dev": true
        }
      }
    },
    "async-validator": {
      "version": "1.8.2",
      "resolved": "http://registry.npm.taobao.org/async-validator/download/async-validator-1.8.2.tgz",
      "integrity": "sha1-t3WXIm6WJC+NUxwNRq4pX2JCK6Q=",
      "requires": {
        "babel-runtime": "6.x"
      }
    },
    "asynckit": {
      "version": "0.4.0",
      "resolved": "http://registry.npm.taobao.org/asynckit/download/asynckit-0.4.0.tgz",
      "integrity": "sha1-x57Zf380y48robyXkLzDZkdLS3k=",
      "dev": true,
      "optional": true
    },
    "aws-sign2": {
      "version": "0.7.0",
      "resolved": "http://registry.npm.taobao.org/aws-sign2/download/aws-sign2-0.7.0.tgz",
      "integrity": "sha1-tG6JCTSpWR8tL2+G1+ap8bP+dqg=",
      "dev": true,
      "optional": true
    },
    "aws4": {
      "version": "1.7.0",
      "resolved": "http://registry.npm.taobao.org/aws4/download/aws4-1.7.0.tgz",
      "integrity": "sha1-1NDpudv8p3vwjusKikcVUP454ok=",
      "dev": true,
      "optional": true
    },
    "axios": {
      "version": "0.17.1",
      "resolved": "https://registry.npmjs.org/axios/-/axios-0.17.1.tgz",
      "integrity": "sha1-LY4+XQvb1zJ/kbyBT1xXZg+Bgk0=",
      "dev": true,
      "requires": {
        "follow-redirects": "^1.2.5",
        "is-buffer": "^1.1.5"
      }
    },
    "babel-helper-vue-jsx-merge-props": {
      "version": "2.0.3",
      "resolved": "http://registry.npm.taobao.org/babel-helper-vue-jsx-merge-props/download/babel-helper-vue-jsx-merge-props-2.0.3.tgz",
      "integrity": "sha1-Iq69OzOQIyjlEyk6jkmSs4T58bY="
    },
    "babel-polyfill": {
      "version": "6.26.0",
      "resolved": "https://registry.npmjs.org/babel-polyfill/-/babel-polyfill-6.26.0.tgz",
      "integrity": "sha1-N5k3q8Z9eJWXCtxiHyhM2WbPIVM=",
      "dev": true,
      "requires": {
        "babel-runtime": "^6.26.0",
        "core-js": "^2.5.0",
        "regenerator-runtime": "^0.10.5"
      },
      "dependencies": {
        "regenerator-runtime": {
          "version": "0.10.5",
          "resolved": "https://registry.npmjs.org/regenerator-runtime/-/regenerator-runtime-0.10.5.tgz",
          "integrity": "sha1-M2w+/BIgrc7dosn6tntaeVWjNlg=",
          "dev": true
        }
      }
    },
    "babel-runtime": {
      "version": "6.26.0",
      "resolved": "http://registry.npm.taobao.org/babel-runtime/download/babel-runtime-6.26.0.tgz",
      "integrity": "sha1-llxwWGaOgrVde/4E/yM3vItWR/4=",
      "requires": {
        "core-js": "^2.4.0",
        "regenerator-runtime": "^0.11.0"
      }
    },
    "balanced-match": {
      "version": "1.0.0",
      "resolved": "https://registry.npmjs.org/balanced-match/-/balanced-match-1.0.0.tgz",
      "integrity": "sha1-ibTRmasr7kneFk6gK4nORi1xt2c=",
      "dev": true
    },
    "bcrypt-pbkdf": {
      "version": "1.0.1",
      "resolved": "http://registry.npm.taobao.org/bcrypt-pbkdf/download/bcrypt-pbkdf-1.0.1.tgz",
      "integrity": "sha1-Y7xdy2EzG5K8Bf1SiVPDNGKgb40=",
      "dev": true,
      "optional": true,
      "requires": {
        "tweetnacl": "^0.14.3"
      }
    },
    "bg-vue-components": {
      "version": "1.1.4",
      "resolved": "https://registry.npmjs.org/bg-vue-components/-/bg-vue-components-1.1.4.tgz",
      "integrity": "sha512-dM8dPKpCyLNx2GgdTs1J1qF/rdIe7xSq0gSXU1+BCvJAV9kbNHYBcXVJ7J1eoCMLZuSkWruvsF/jooeSNTTa9A==",
      "dev": true,
      "requires": {
        "axios": "^0.17.1",
        "babel-polyfill": "^6.26.0",
        "cross-env": "^5.2.0",
        "element-ui": "^2.4.6",
        "qs": "^6.5.1",
        "vue": "^2.5.2",
        "vue-i18n": "^8.12.0",
        "vue-router": "^3.0.1",
        "vuex": "^3.0.1"
      },
      "dependencies": {
        "element-ui": {
          "version": "2.12.0",
          "resolved": "https://registry.npmjs.org/element-ui/-/element-ui-2.12.0.tgz",
          "integrity": "sha512-DapyT0PW4i/1ETPHk8K8Qbe8B6hj10+dXsRTrOTFryV9wAs6e9mCxbV65awokyR2/v/KuIHJmqX+mH3wUa4rOQ==",
          "dev": true,
          "requires": {
            "async-validator": "~1.8.1",
            "babel-helper-vue-jsx-merge-props": "^2.0.0",
            "deepmerge": "^1.2.0",
            "normalize-wheel": "^1.0.1",
            "resize-observer-polyfill": "^1.5.0",
            "throttle-debounce": "^1.0.1"
          }
        }
      }
    },
    "big.js": {
      "version": "3.2.0",
      "resolved": "http://registry.npm.taobao.org/big.js/download/big.js-3.2.0.tgz",
      "integrity": "sha1-pfwpi4G54Nyi5FiCR4S2XFK6WI4="
    },
    "brace-expansion": {
      "version": "1.1.11",
      "resolved": "https://registry.npmjs.org/brace-expansion/-/brace-expansion-1.1.11.tgz",
      "integrity": "sha512-iCuPHDFgrHX7H2vEI/5xpz07zSHB00TpugqhmYtVmMO6518mCuRMoOYFldEBl0g187ufozdaHgWKcYFb61qGiA==",
      "dev": true,
      "requires": {
        "balanced-match": "^1.0.0",
        "concat-map": "0.0.1"
      }
    },
    "caseless": {
      "version": "0.12.0",
      "resolved": "http://registry.npm.taobao.org/caseless/download/caseless-0.12.0.tgz",
      "integrity": "sha1-G2gcIf+EAzyCZUMJBolCDRhxUdw=",
      "dev": true,
      "optional": true
    },
    "clone": {
      "version": "2.1.1",
      "resolved": "http://registry.npm.taobao.org/clone/download/clone-2.1.1.tgz",
      "integrity": "sha1-0hfR6WERjjrJpLi7oyhVU79kfNs="
    },
    "co": {
      "version": "4.6.0",
      "resolved": "http://registry.npm.taobao.org/co/download/co-4.6.0.tgz",
      "integrity": "sha1-bqa989hTrlTMuOR7+gvz+QMfsYQ=",
      "dev": true,
      "optional": true
    },
    "combined-stream": {
      "version": "1.0.6",
      "resolved": "http://registry.npm.taobao.org/combined-stream/download/combined-stream-1.0.6.tgz",
      "integrity": "sha1-cj599ugBrFYTETp+RFqbactjKBg=",
      "dev": true,
      "optional": true,
      "requires": {
        "delayed-stream": "~1.0.0"
      }
    },
    "commander": {
      "version": "2.20.0",
      "resolved": "https://registry.npmjs.org/commander/-/commander-2.20.0.tgz",
      "integrity": "sha512-7j2y+40w61zy6YC2iRNpUe/NwhNyoXrYpHMrSunaMG64nRnaf96zO/KMQR4OyN/UnE5KLyEBnKHd4aG3rskjpQ==",
      "dev": true
    },
    "concat-map": {
      "version": "0.0.1",
      "resolved": "https://registry.npmjs.org/concat-map/-/concat-map-0.0.1.tgz",
      "integrity": "sha1-2Klr13/Wjfd5OnMDajug1UBdR3s=",
      "dev": true
    },
    "core-js": {
      "version": "2.5.7",
      "resolved": "http://registry.npm.taobao.org/core-js/download/core-js-2.5.7.tgz",
      "integrity": "sha1-+XJgj/DOrWi4QaFqky0LGDeRgU4="
    },
    "core-util-is": {
      "version": "1.0.2",
      "resolved": "http://registry.npm.taobao.org/core-util-is/download/core-util-is-1.0.2.tgz",
      "integrity": "sha1-tf1UIgqivFq1eqtxQMlAdUUDwac=",
      "dev": true,
      "optional": true
    },
    "cross-env": {
      "version": "5.2.1",
      "resolved": "https://registry.npmjs.org/cross-env/-/cross-env-5.2.1.tgz",
      "integrity": "sha512-1yHhtcfAd1r4nwQgknowuUNfIT9E8dOMMspC36g45dN+iD1blloi7xp8X/xAIDnjHWyt1uQ8PHk2fkNaym7soQ==",
      "dev": true,
      "requires": {
        "cross-spawn": "^6.0.5"
      }
    },
    "cross-spawn": {
      "version": "6.0.5",
      "resolved": "https://registry.npmjs.org/cross-spawn/-/cross-spawn-6.0.5.tgz",
      "integrity": "sha512-eTVLrBSt7fjbDygz805pMnstIs2VTBNkRm0qxZd+M7A5XDdxVRWO5MxGBXZhjY4cqLYLdtrGqRf8mBPmzwSpWQ==",
      "dev": true,
      "requires": {
        "nice-try": "^1.0.4",
        "path-key": "^2.0.1",
        "semver": "^5.5.0",
        "shebang-command": "^1.2.0",
        "which": "^1.2.9"
      }
    },
    "dashdash": {
      "version": "1.14.1",
      "resolved": "http://registry.npm.taobao.org/dashdash/download/dashdash-1.14.1.tgz",
      "integrity": "sha1-hTz6D3y+L+1d4gMmuN1YEDX24vA=",
      "dev": true,
      "optional": true,
      "requires": {
        "assert-plus": "^1.0.0"
      }
    },
    "debug": {
      "version": "3.2.6",
      "resolved": "https://registry.npmjs.org/debug/-/debug-3.2.6.tgz",
      "integrity": "sha512-mel+jf7nrtEl5Pn1Qx46zARXKDpBbvzezse7p7LqINmdoIk8PYP5SySaxEmYv6TZ0JyEKA1hsCId6DIhgITtWQ==",
      "dev": true,
      "requires": {
        "ms": "^2.1.1"
      }
    },
    "deepmerge": {
      "version": "1.5.2",
      "resolved": "http://registry.npm.taobao.org/deepmerge/download/deepmerge-1.5.2.tgz",
      "integrity": "sha1-EEmdhohEza1P7ghC34x/bwyVp1M="
    },
    "delayed-stream": {
      "version": "1.0.0",
      "resolved": "http://registry.npm.taobao.org/delayed-stream/download/delayed-stream-1.0.0.tgz",
      "integrity": "sha1-3zrhmayt+31ECqrgsp4icrJOxhk=",
      "dev": true,
      "optional": true
    },
    "detect-indent": {
      "version": "5.0.0",
      "resolved": "http://registry.npm.taobao.org/detect-indent/download/detect-indent-5.0.0.tgz",
      "integrity": "sha1-OHHMCmoALow+Wzz38zYmRnXwa50="
    },
    "ecc-jsbn": {
      "version": "0.1.1",
      "resolved": "http://registry.npm.taobao.org/ecc-jsbn/download/ecc-jsbn-0.1.1.tgz",
      "integrity": "sha1-D8c6ntXw1Tw4GTOYUj735UN3dQU=",
      "dev": true,
      "optional": true,
      "requires": {
        "jsbn": "~0.1.0"
      }
    },
    "echarts": {
      "version": "4.1.0",
      "resolved": "http://registry.npm.taobao.org/echarts/download/echarts-4.1.0.tgz",
      "integrity": "sha1-1YjJX3PBqZKLnHPVt2l1HDGFvNw=",
      "dev": true,
      "requires": {
        "zrender": "4.0.4"
      }
    },
    "element-ui": {
      "version": "2.4.0",
      "resolved": "http://registry.npm.taobao.org/element-ui/download/element-ui-2.4.0.tgz",
      "integrity": "sha1-5YaQTgSIYUKg1zXITpWVeQrly+M=",
      "requires": {
        "async-validator": "~1.8.1",
        "babel-helper-vue-jsx-merge-props": "^2.0.0",
        "deepmerge": "^1.2.0",
        "normalize-wheel": "^1.0.1",
        "resize-observer-polyfill": "^1.5.0",
        "throttle-debounce": "^1.0.1"
      }
    },
    "email-addresses": {
      "version": "3.0.3",
      "resolved": "https://registry.npmjs.org/email-addresses/-/email-addresses-3.0.3.tgz",
      "integrity": "sha512-kUlSC06PVvvjlMRpNIl3kR1NRXLEe86VQ7N0bQeaCZb2g+InShCeHQp/JvyYNTugMnRN2NvJhHlc3q12MWbbpg==",
      "dev": true
    },
    "emojis-list": {
      "version": "2.1.0",
      "resolved": "http://registry.npm.taobao.org/emojis-list/download/emojis-list-2.1.0.tgz",
      "integrity": "sha1-TapNnbAPmBmIDHn6RXrlsJof04k="
    },
    "errno": {
      "version": "0.1.7",
      "resolved": "http://registry.npm.taobao.org/errno/download/errno-0.1.7.tgz",
      "integrity": "sha1-RoTXF3mtOa8Xfj8AeZb3xnyFJhg=",
      "dev": true,
      "optional": true,
      "requires": {
        "prr": "~1.0.1"
      }
    },
    "escape-string-regexp": {
      "version": "1.0.5",
      "resolved": "https://registry.npmjs.org/escape-string-regexp/-/escape-string-regexp-1.0.5.tgz",
      "integrity": "sha1-G2HAViGQqN/2rjuyzwIAyhMLhtQ=",
      "dev": true
    },
    "extend": {
      "version": "3.0.1",
      "resolved": "http://registry.npm.taobao.org/extend/download/extend-3.0.1.tgz",
      "integrity": "sha1-p1Xqe8Gt/MWjHOfnYtuq3F5jZEQ=",
      "dev": true,
      "optional": true
    },
    "extsprintf": {
      "version": "1.3.0",
      "resolved": "http://registry.npm.taobao.org/extsprintf/download/extsprintf-1.3.0.tgz",
      "integrity": "sha1-lpGEQOMEGnpBT4xS48V06zw+HgU=",
      "dev": true,
      "optional": true
    },
    "fast-deep-equal": {
      "version": "1.1.0",
      "resolved": "http://registry.npm.taobao.org/fast-deep-equal/download/fast-deep-equal-1.1.0.tgz",
      "integrity": "sha1-wFNHeBfIa1HaqFPIHgWbcz0CNhQ=",
      "dev": true,
      "optional": true
    },
    "fast-json-stable-stringify": {
      "version": "2.0.0",
      "resolved": "http://registry.npm.taobao.org/fast-json-stable-stringify/download/fast-json-stable-stringify-2.0.0.tgz",
      "integrity": "sha1-1RQsDK7msRifh9OnYREGT4bIu/I=",
      "dev": true,
      "optional": true
    },
    "filename-reserved-regex": {
      "version": "1.0.0",
      "resolved": "https://registry.npmjs.org/filename-reserved-regex/-/filename-reserved-regex-1.0.0.tgz",
      "integrity": "sha1-5hz4BfDeHJhFZ9A4bcXfUO5a9+Q=",
      "dev": true
    },
    "filenamify": {
      "version": "1.2.1",
      "resolved": "https://registry.npmjs.org/filenamify/-/filenamify-1.2.1.tgz",
      "integrity": "sha1-qfL/0RxQO+0wABUCknI3jx8TZaU=",
      "dev": true,
      "requires": {
        "filename-reserved-regex": "^1.0.0",
        "strip-outer": "^1.0.0",
        "trim-repeated": "^1.0.0"
      }
    },
    "filenamify-url": {
      "version": "1.0.0",
      "resolved": "https://registry.npmjs.org/filenamify-url/-/filenamify-url-1.0.0.tgz",
      "integrity": "sha1-syvYExnvWGO3MHi+1Q9GpPeXX1A=",
      "dev": true,
      "requires": {
        "filenamify": "^1.0.0",
        "humanize-url": "^1.0.0"
      }
    },
    "follow-redirects": {
      "version": "1.9.0",
      "resolved": "https://registry.npmjs.org/follow-redirects/-/follow-redirects-1.9.0.tgz",
      "integrity": "sha512-CRcPzsSIbXyVDl0QI01muNDu69S8trU4jArW9LpOt2WtC6LyUJetcIrmfHsRBx7/Jb6GHJUiuqyYxPooFfNt6A==",
      "dev": true,
      "requires": {
        "debug": "^3.0.0"
      }
    },
    "forever-agent": {
      "version": "0.6.1",
      "resolved": "http://registry.npm.taobao.org/forever-agent/download/forever-agent-0.6.1.tgz",
      "integrity": "sha1-+8cfDEGt6zf5bFd60e1C2P2sypE=",
      "dev": true,
      "optional": true
    },
    "form-data": {
      "version": "2.3.2",
      "resolved": "http://registry.npm.taobao.org/form-data/download/form-data-2.3.2.tgz",
      "integrity": "sha1-SXBJi+YEwgwAXU9cI67NIda0kJk=",
      "dev": true,
      "optional": true,
      "requires": {
        "asynckit": "^0.4.0",
        "combined-stream": "1.0.6",
        "mime-types": "^2.1.12"
      }
    },
    "fs-extra": {
      "version": "7.0.1",
      "resolved": "https://registry.npmjs.org/fs-extra/-/fs-extra-7.0.1.tgz",
      "integrity": "sha512-YJDaCJZEnBmcbw13fvdAM9AwNOJwOzrE4pqMqBq5nFiEqXUqHwlK4B+3pUw6JNvfSPtX05xFHtYy/1ni01eGCw==",
      "dev": true,
      "requires": {
        "graceful-fs": "^4.1.2",
        "jsonfile": "^4.0.0",
        "universalify": "^0.1.0"
      }
    },
    "fs.realpath": {
      "version": "1.0.0",
      "resolved": "https://registry.npmjs.org/fs.realpath/-/fs.realpath-1.0.0.tgz",
      "integrity": "sha1-FQStJSMVjKpA20onh8sBQRmU6k8=",
      "dev": true
    },
    "getpass": {
      "version": "0.1.7",
      "resolved": "http://registry.npm.taobao.org/getpass/download/getpass-0.1.7.tgz",
      "integrity": "sha1-Xv+OPmhNVprkyysSgmBOi6YhSfo=",
      "dev": true,
      "optional": true,
      "requires": {
        "assert-plus": "^1.0.0"
      }
    },
    "gh-pages": {
      "version": "2.1.1",
      "resolved": "https://registry.npmjs.org/gh-pages/-/gh-pages-2.1.1.tgz",
      "integrity": "sha512-yNW2SFp9xGRP/8Sk2WXuLI/Gn92oOL4HBgudn6PsqAnuWT90Y1tozJoTfX1WdrDSW5Rb90kLVOf5mm9KJ/2fDw==",
      "dev": true,
      "requires": {
        "async": "^2.6.1",
        "commander": "^2.18.0",
        "email-addresses": "^3.0.1",
        "filenamify-url": "^1.0.0",
        "fs-extra": "^7.0.0",
        "globby": "^6.1.0",
        "graceful-fs": "^4.1.11",
        "rimraf": "^2.6.2"
      }
    },
    "glob": {
      "version": "7.1.4",
      "resolved": "https://registry.npmjs.org/glob/-/glob-7.1.4.tgz",
      "integrity": "sha512-hkLPepehmnKk41pUGm3sYxoFs/umurYfYJCerbXEyFIWcAzvpipAgVkBqqT9RBKMGjnq6kMuyYwha6csxbiM1A==",
      "dev": true,
      "requires": {
        "fs.realpath": "^1.0.0",
        "inflight": "^1.0.4",
        "inherits": "2",
        "minimatch": "^3.0.4",
        "once": "^1.3.0",
        "path-is-absolute": "^1.0.0"
      }
    },
    "globby": {
      "version": "6.1.0",
      "resolved": "https://registry.npmjs.org/globby/-/globby-6.1.0.tgz",
      "integrity": "sha1-9abXDoOV4hyFj7BInWTfAkJNUGw=",
      "dev": true,
      "requires": {
        "array-union": "^1.0.1",
        "glob": "^7.0.3",
        "object-assign": "^4.0.1",
        "pify": "^2.0.0",
        "pinkie-promise": "^2.0.0"
      },
      "dependencies": {
        "pify": {
          "version": "2.3.0",
          "resolved": "https://registry.npmjs.org/pify/-/pify-2.3.0.tgz",
          "integrity": "sha1-7RQaasBDqEnqWISY59yosVMw6Qw=",
          "dev": true
        }
      }
    },
    "graceful-fs": {
      "version": "4.1.11",
      "resolved": "http://registry.npm.taobao.org/graceful-fs/download/graceful-fs-4.1.11.tgz",
      "integrity": "sha1-Dovf5NHduIVNZOBOp8AOKgJuVlg=",
      "dev": true
    },
    "har-schema": {
      "version": "2.0.0",
      "resolved": "http://registry.npm.taobao.org/har-schema/download/har-schema-2.0.0.tgz",
      "integrity": "sha1-qUwiJOvKwEeCoNkDVSHyRzW37JI=",
      "dev": true,
      "optional": true
    },
    "har-validator": {
      "version": "5.0.3",
      "resolved": "http://registry.npm.taobao.org/har-validator/download/har-validator-5.0.3.tgz",
      "integrity": "sha1-ukAsJmGU8VlW7xXg/PJCmT9qff0=",
      "dev": true,
      "optional": true,
      "requires": {
        "ajv": "^5.1.0",
        "har-schema": "^2.0.0"
      }
    },
    "highlight.js": {
      "version": "9.12.0",
      "resolved": "http://registry.npm.taobao.org/highlight.js/download/highlight.js-9.12.0.tgz",
      "integrity": "sha1-5tnb5Xy+/mB1HwKvM2GVhwyQwB4="
    },
    "http-signature": {
      "version": "1.2.0",
      "resolved": "http://registry.npm.taobao.org/http-signature/download/http-signature-1.2.0.tgz",
      "integrity": "sha1-muzZJRFHcvPZW2WmCruPfBj7rOE=",
      "dev": true,
      "optional": true,
      "requires": {
        "assert-plus": "^1.0.0",
        "jsprim": "^1.2.2",
        "sshpk": "^1.7.0"
      }
    },
    "humanize-url": {
      "version": "1.0.1",
      "resolved": "https://registry.npmjs.org/humanize-url/-/humanize-url-1.0.1.tgz",
      "integrity": "sha1-9KuZ4NKIF0yk4eUEB8VfuuRk7/8=",
      "dev": true,
      "requires": {
        "normalize-url": "^1.0.0",
        "strip-url-auth": "^1.0.0"
      }
    },
    "image-size": {
      "version": "0.5.5",
      "resolved": "http://registry.npm.taobao.org/image-size/download/image-size-0.5.5.tgz",
      "integrity": "sha1-Cd/Uq50g4p6xw+gLiZA3jfnjy5w=",
      "dev": true,
      "optional": true
    },
    "indent-string": {
      "version": "3.2.0",
      "resolved": "http://registry.npm.taobao.org/indent-string/download/indent-string-3.2.0.tgz",
      "integrity": "sha1-Sl/W0nzDMvN+VBmlBNu4NxBckok="
    },
    "inflight": {
      "version": "1.0.6",
      "resolved": "https://registry.npmjs.org/inflight/-/inflight-1.0.6.tgz",
      "integrity": "sha1-Sb1jMdfQLQwJvJEKEHW6gWW1bfk=",
      "dev": true,
      "requires": {
        "once": "^1.3.0",
        "wrappy": "1"
      }
    },
    "inherits": {
      "version": "2.0.4",
      "resolved": "https://registry.npmjs.org/inherits/-/inherits-2.0.4.tgz",
      "integrity": "sha512-k/vGaX4/Yla3WzyMCvTQOXYeIHvqOKtnqBduzTHpzpQZzAskKMhZ2K+EnBiSM9zGSoIFeMpXKxa4dYeZIQqewQ==",
      "dev": true
    },
    "is-buffer": {
      "version": "1.1.6",
      "resolved": "https://registry.npmjs.org/is-buffer/-/is-buffer-1.1.6.tgz",
      "integrity": "sha512-NcdALwpXkTm5Zvvbk7owOUSvVvBKDgKP5/ewfXEznmQFfs4ZRmanOeKBTjRVjka3QFoN6XJ+9F3USqfHqTaU5w==",
      "dev": true
    },
    "is-plain-obj": {
      "version": "1.1.0",
      "resolved": "https://registry.npmjs.org/is-plain-obj/-/is-plain-obj-1.1.0.tgz",
      "integrity": "sha1-caUMhCnfync8kqOQpKA7OfzVHT4=",
      "dev": true
    },
    "is-typedarray": {
      "version": "1.0.0",
      "resolved": "http://registry.npm.taobao.org/is-typedarray/download/is-typedarray-1.0.0.tgz",
      "integrity": "sha1-5HnICFjfDBsR3dppQPlgEfzaSpo=",
      "dev": true,
      "optional": true
    },
    "isexe": {
      "version": "2.0.0",
      "resolved": "https://registry.npmjs.org/isexe/-/isexe-2.0.0.tgz",
      "integrity": "sha1-6PvzdNxVb/iUehDcsFctYz8s+hA=",
      "dev": true
    },
    "isstream": {
      "version": "0.1.2",
      "resolved": "http://registry.npm.taobao.org/isstream/download/isstream-0.1.2.tgz",
      "integrity": "sha1-R+Y/evVa+m+S4VAOaQ64uFKcCZo=",
      "dev": true,
      "optional": true
    },
    "jsbn": {
      "version": "0.1.1",
      "resolved": "http://registry.npm.taobao.org/jsbn/download/jsbn-0.1.1.tgz",
      "integrity": "sha1-peZUwuWi3rXyAdls77yoDA7y9RM=",
      "dev": true,
      "optional": true
    },
    "json-schema": {
      "version": "0.2.3",
      "resolved": "http://registry.npm.taobao.org/json-schema/download/json-schema-0.2.3.tgz",
      "integrity": "sha1-tIDIkuWaLwWVTOcnvT8qTogvnhM=",
      "dev": true,
      "optional": true
    },
    "json-schema-traverse": {
      "version": "0.3.1",
      "resolved": "http://registry.npm.taobao.org/json-schema-traverse/download/json-schema-traverse-0.3.1.tgz",
      "integrity": "sha1-NJptRMU6Ud6JtAgFxdXlm0F9M0A=",
      "dev": true,
      "optional": true
    },
    "json-stringify-safe": {
      "version": "5.0.1",
      "resolved": "http://registry.npm.taobao.org/json-stringify-safe/download/json-stringify-safe-5.0.1.tgz",
      "integrity": "sha1-Epai1Y/UXxmg9s4B1lcB4sc1tus=",
      "dev": true,
      "optional": true
    },
    "json5": {
      "version": "0.5.1",
      "resolved": "http://registry.npm.taobao.org/json5/download/json5-0.5.1.tgz",
      "integrity": "sha1-Hq3nrMASA0rYTiOWdn6tn6VJWCE="
    },
    "jsonfile": {
      "version": "4.0.0",
      "resolved": "https://registry.npmjs.org/jsonfile/-/jsonfile-4.0.0.tgz",
      "integrity": "sha1-h3Gq4HmbZAdrdmQPygWPnBDjPss=",
      "dev": true,
      "requires": {
        "graceful-fs": "^4.1.6"
      }
    },
    "jsprim": {
      "version": "1.4.1",
      "resolved": "http://registry.npm.taobao.org/jsprim/download/jsprim-1.4.1.tgz",
      "integrity": "sha1-MT5mvB5cwG5Di8G3SZwuXFastqI=",
      "dev": true,
      "optional": true,
      "requires": {
        "assert-plus": "1.0.0",
        "extsprintf": "1.3.0",
        "json-schema": "0.2.3",
        "verror": "1.10.0"
      }
    },
    "less": {
      "version": "3.0.4",
      "resolved": "http://registry.npm.taobao.org/less/download/less-3.0.4.tgz",
      "integrity": "sha1-0n3O26yWAxyee3bx2h5LfYN2CBQ=",
      "dev": true,
      "requires": {
        "errno": "^0.1.1",
        "graceful-fs": "^4.1.2",
        "image-size": "~0.5.0",
        "mime": "^1.4.1",
        "mkdirp": "^0.5.0",
        "promise": "^7.1.1",
        "request": "^2.83.0",
        "source-map": "~0.6.0"
      }
    },
    "less-loader": {
      "version": "4.1.0",
      "resolved": "http://registry.npm.taobao.org/less-loader/download/less-loader-4.1.0.tgz",
      "integrity": "sha1-LBNSxbCaT4QQFJAnT9UWdN5BNj4=",
      "requires": {
        "clone": "^2.1.1",
        "loader-utils": "^1.1.0",
        "pify": "^3.0.0"
      }
    },
    "loader-utils": {
      "version": "1.1.0",
      "resolved": "http://registry.npm.taobao.org/loader-utils/download/loader-utils-1.1.0.tgz",
      "integrity": "sha1-yYrvSIvM7aL/teLeZG1qdUQp9c0=",
      "requires": {
        "big.js": "^3.1.3",
        "emojis-list": "^2.0.0",
        "json5": "^0.5.0"
      }
    },
    "lodash": {
      "version": "4.17.10",
      "resolved": "http://registry.npm.taobao.org/lodash/download/lodash-4.17.10.tgz",
      "integrity": "sha1-G3eTz3JZ6jj7NmHU04syYK+K5Oc=",
      "dev": true
    },
    "mime": {
      "version": "1.6.0",
      "resolved": "http://registry.npm.taobao.org/mime/download/mime-1.6.0.tgz",
      "integrity": "sha1-Ms2eXGRVO9WNGaVor0Uqz/BJgbE=",
      "dev": true,
      "optional": true
    },
    "mime-db": {
      "version": "1.33.0",
      "resolved": "http://registry.npm.taobao.org/mime-db/download/mime-db-1.33.0.tgz",
      "integrity": "sha1-o0kgUKXLm2NFBUHjnZeI0icng9s=",
      "dev": true,
      "optional": true
    },
    "mime-types": {
      "version": "2.1.18",
      "resolved": "http://registry.npm.taobao.org/mime-types/download/mime-types-2.1.18.tgz",
      "integrity": "sha1-bzI/YKg9ERRvgx/xH9ZuL+VQO7g=",
      "dev": true,
      "optional": true,
      "requires": {
        "mime-db": "~1.33.0"
      }
    },
    "minimatch": {
      "version": "3.0.4",
      "resolved": "https://registry.npmjs.org/minimatch/-/minimatch-3.0.4.tgz",
      "integrity": "sha512-yJHVQEhyqPLUTgt9B83PXu6W3rx4MvvHvSUvToogpwoGDOUQ+yDrR0HRot+yOCdCO7u4hX3pWft6kWBBcqh0UA==",
      "dev": true,
      "requires": {
        "brace-expansion": "^1.1.7"
      }
    },
    "minimist": {
      "version": "0.0.8",
      "resolved": "http://registry.npm.taobao.org/minimist/download/minimist-0.0.8.tgz",
      "integrity": "sha1-hX/Kv8M5fSYluCKCYuhqp6ARsF0=",
      "dev": true,
      "optional": true
    },
    "mkdirp": {
      "version": "0.5.1",
      "resolved": "http://registry.npm.taobao.org/mkdirp/download/mkdirp-0.5.1.tgz",
      "integrity": "sha1-MAV0OOrGz3+MR2fzhkjWaX11yQM=",
      "dev": true,
      "optional": true,
      "requires": {
        "minimist": "0.0.8"
      }
    },
    "ms": {
      "version": "2.1.2",
      "resolved": "https://registry.npmjs.org/ms/-/ms-2.1.2.tgz",
      "integrity": "sha512-sGkPx+VjMtmA6MX27oA4FBFELFCZZ4S4XqeGOXCv68tT+jb3vk/RyaKWP0PTKyWtmLSM0b+adUTEvbs1PEaH2w==",
      "dev": true
    },
    "nice-try": {
      "version": "1.0.5",
      "resolved": "https://registry.npmjs.org/nice-try/-/nice-try-1.0.5.tgz",
      "integrity": "sha512-1nh45deeb5olNY7eX82BkPO7SSxR5SSYJiPTrTdFUVYwAl8CKMA5N9PjTYkHiRjisVcxcQ1HXdLhx2qxxJzLNQ==",
      "dev": true
    },
    "normalize-url": {
      "version": "1.9.1",
      "resolved": "https://registry.npmjs.org/normalize-url/-/normalize-url-1.9.1.tgz",
      "integrity": "sha1-LMDWazHqIwNkWENuNiDYWVTGbDw=",
      "dev": true,
      "requires": {
        "object-assign": "^4.0.1",
        "prepend-http": "^1.0.0",
        "query-string": "^4.1.0",
        "sort-keys": "^1.0.0"
      }
    },
    "normalize-wheel": {
      "version": "1.0.1",
      "resolved": "http://registry.npm.taobao.org/normalize-wheel/download/normalize-wheel-1.0.1.tgz",
      "integrity": "sha1-rsiGr/2wRQcNhWRH32Ls+GFG7EU="
    },
    "oauth-sign": {
      "version": "0.8.2",
      "resolved": "http://registry.npm.taobao.org/oauth-sign/download/oauth-sign-0.8.2.tgz",
      "integrity": "sha1-Rqarfwrq2N6unsBWV4C31O/rnUM=",
      "dev": true,
      "optional": true
    },
    "object-assign": {
      "version": "4.1.1",
      "resolved": "https://registry.npmjs.org/object-assign/-/object-assign-4.1.1.tgz",
      "integrity": "sha1-IQmtx5ZYh8/AXLvUQsrIv7s2CGM=",
      "dev": true
    },
    "once": {
      "version": "1.4.0",
      "resolved": "https://registry.npmjs.org/once/-/once-1.4.0.tgz",
      "integrity": "sha1-WDsap3WWHUsROsF9nFC6753Xa9E=",
      "dev": true,
      "requires": {
        "wrappy": "1"
      }
    },
    "path-is-absolute": {
      "version": "1.0.1",
      "resolved": "https://registry.npmjs.org/path-is-absolute/-/path-is-absolute-1.0.1.tgz",
      "integrity": "sha1-F0uSaHNVNP+8es5r9TpanhtcX18=",
      "dev": true
    },
    "path-key": {
      "version": "2.0.1",
      "resolved": "https://registry.npmjs.org/path-key/-/path-key-2.0.1.tgz",
      "integrity": "sha1-QRyttXTFoUDTpLGRDUDYDMn0C0A=",
      "dev": true
    },
    "performance-now": {
      "version": "2.1.0",
      "resolved": "http://registry.npm.taobao.org/performance-now/download/performance-now-2.1.0.tgz",
      "integrity": "sha1-Ywn04OX6kT7BxpMHrjZLSzd8nns=",
      "dev": true,
      "optional": true
    },
    "pify": {
      "version": "3.0.0",
      "resolved": "http://registry.npm.taobao.org/pify/download/pify-3.0.0.tgz",
      "integrity": "sha1-5aSs0sEB/fPZpNB/DbxNtJ3SgXY="
    },
    "pinkie": {
      "version": "2.0.4",
      "resolved": "https://registry.npmjs.org/pinkie/-/pinkie-2.0.4.tgz",
      "integrity": "sha1-clVrgM+g1IqXToDnckjoDtT3+HA=",
      "dev": true
    },
    "pinkie-promise": {
      "version": "2.0.1",
      "resolved": "https://registry.npmjs.org/pinkie-promise/-/pinkie-promise-2.0.1.tgz",
      "integrity": "sha1-ITXW36ejWMBprJsXh3YogihFD/o=",
      "dev": true,
      "requires": {
        "pinkie": "^2.0.0"
      }
    },
    "prepend-http": {
      "version": "1.0.4",
      "resolved": "https://registry.npmjs.org/prepend-http/-/prepend-http-1.0.4.tgz",
      "integrity": "sha1-1PRWKwzjaW5BrFLQ4ALlemNdxtw=",
      "dev": true
    },
    "promise": {
      "version": "7.3.1",
      "resolved": "http://registry.npm.taobao.org/promise/download/promise-7.3.1.tgz",
      "integrity": "sha1-BktyYCsY+Q8pGSuLG8QY/9Hr078=",
      "dev": true,
      "optional": true,
      "requires": {
        "asap": "~2.0.3"
      }
    },
    "prr": {
      "version": "1.0.1",
      "resolved": "http://registry.npm.taobao.org/prr/download/prr-1.0.1.tgz",
      "integrity": "sha1-0/wRS6BplaRexok/SEzrHXj19HY=",
      "dev": true,
      "optional": true
    },
    "punycode": {
      "version": "1.4.1",
      "resolved": "http://registry.npm.taobao.org/punycode/download/punycode-1.4.1.tgz",
      "integrity": "sha1-wNWmOycYgArY4esPpSachN1BhF4=",
      "dev": true,
      "optional": true
    },
    "qs": {
      "version": "6.5.2",
      "resolved": "http://registry.npm.taobao.org/qs/download/qs-6.5.2.tgz",
      "integrity": "sha1-yzroBuh0BERYTvFUzo7pjUA/PjY=",
      "dev": true
    },
    "query-string": {
      "version": "4.3.4",
      "resolved": "https://registry.npmjs.org/query-string/-/query-string-4.3.4.tgz",
      "integrity": "sha1-u7aTucqRXCMlFbIosaArYJBD2+s=",
      "dev": true,
      "requires": {
        "object-assign": "^4.1.0",
        "strict-uri-encode": "^1.0.0"
      }
    },
    "redent": {
      "version": "2.0.0",
      "resolved": "http://registry.npm.taobao.org/redent/download/redent-2.0.0.tgz",
      "integrity": "sha1-wbIAe0LVfrE4kHmzyDM2OdXhzKo=",
      "requires": {
        "indent-string": "^3.0.0",
        "strip-indent": "^2.0.0"
      }
    },
    "regenerator-runtime": {
      "version": "0.11.1",
      "resolved": "http://registry.npm.taobao.org/regenerator-runtime/download/regenerator-runtime-0.11.1.tgz",
      "integrity": "sha1-vgWtf5v30i4Fb5cmzuUBf78Z4uk="
    },
    "request": {
      "version": "2.87.0",
      "resolved": "http://registry.npm.taobao.org/request/download/request-2.87.0.tgz",
      "integrity": "sha1-MvACNc0I1IK00NaNuTqCnA7VdW4=",
      "dev": true,
      "optional": true,
      "requires": {
        "aws-sign2": "~0.7.0",
        "aws4": "^1.6.0",
        "caseless": "~0.12.0",
        "combined-stream": "~1.0.5",
        "extend": "~3.0.1",
        "forever-agent": "~0.6.1",
        "form-data": "~2.3.1",
        "har-validator": "~5.0.3",
        "http-signature": "~1.2.0",
        "is-typedarray": "~1.0.0",
        "isstream": "~0.1.2",
        "json-stringify-safe": "~5.0.1",
        "mime-types": "~2.1.17",
        "oauth-sign": "~0.8.2",
        "performance-now": "^2.1.0",
        "qs": "~6.5.1",
        "safe-buffer": "^5.1.1",
        "tough-cookie": "~2.3.3",
        "tunnel-agent": "^0.6.0",
        "uuid": "^3.1.0"
      }
    },
    "resize-detector": {
      "version": "0.1.6",
      "resolved": "http://registry.npm.taobao.org/resize-detector/download/resize-detector-0.1.6.tgz",
      "integrity": "sha1-jD/LnkSRNXbJmB2L7Ax+AuMbwbE=",
      "dev": true
    },
    "resize-observer-polyfill": {
      "version": "1.5.0",
      "resolved": "http://registry.npm.taobao.org/resize-observer-polyfill/download/resize-observer-polyfill-1.5.0.tgz",
      "integrity": "sha1-Zg/x2XEqI4K6osrUUKRxYgn5ymk="
    },
    "rimraf": {
      "version": "2.7.1",
      "resolved": "https://registry.npmjs.org/rimraf/-/rimraf-2.7.1.tgz",
      "integrity": "sha512-uWjbaKIK3T1OSVptzX7Nl6PvQ3qAGtKEtVRjRuazjfL3Bx5eI409VZSqgND+4UNnmzLVdPj9FqFJNPqBZFve4w==",
      "dev": true,
      "requires": {
        "glob": "^7.1.3"
      }
    },
    "safe-buffer": {
      "version": "5.1.2",
      "resolved": "http://registry.npm.taobao.org/safe-buffer/download/safe-buffer-5.1.2.tgz",
      "integrity": "sha1-mR7GnSluAxN0fVm9/St0XDX4go0=",
      "dev": true,
      "optional": true
    },
    "semver": {
      "version": "5.7.1",
      "resolved": "https://registry.npmjs.org/semver/-/semver-5.7.1.tgz",
      "integrity": "sha512-sauaDf/PZdVgrLTNYHRtpXa1iRiKcaebiKQ1BJdpQlWH2lCvexQdX55snPFyK7QzpudqbCI0qXFfOasHdyNDGQ==",
      "dev": true
    },
    "shebang-command": {
      "version": "1.2.0",
      "resolved": "https://registry.npmjs.org/shebang-command/-/shebang-command-1.2.0.tgz",
      "integrity": "sha1-RKrGW2lbAzmJaMOfNj/uXer98eo=",
      "dev": true,
      "requires": {
        "shebang-regex": "^1.0.0"
      }
    },
    "shebang-regex": {
      "version": "1.0.0",
      "resolved": "https://registry.npmjs.org/shebang-regex/-/shebang-regex-1.0.0.tgz",
      "integrity": "sha1-2kL0l0DAtC2yypcoVxyxkMmO/qM=",
      "dev": true
    },
    "sort-keys": {
      "version": "1.1.2",
      "resolved": "https://registry.npmjs.org/sort-keys/-/sort-keys-1.1.2.tgz",
      "integrity": "sha1-RBttTTRnmPG05J6JIK37oOVD+a0=",
      "dev": true,
      "requires": {
        "is-plain-obj": "^1.0.0"
      }
    },
    "source-map": {
      "version": "0.6.1",
      "resolved": "http://registry.npm.taobao.org/source-map/download/source-map-0.6.1.tgz",
      "integrity": "sha1-dHIq8y6WFOnCh6jQu95IteLxomM=",
      "dev": true,
      "optional": true
    },
    "sshpk": {
      "version": "1.14.1",
      "resolved": "http://registry.npm.taobao.org/sshpk/download/sshpk-1.14.1.tgz",
      "integrity": "sha1-Ew9Zde3a2WPx1W+SuaxsUfqfg+s=",
      "dev": true,
      "optional": true,
      "requires": {
        "asn1": "~0.2.3",
        "assert-plus": "^1.0.0",
        "bcrypt-pbkdf": "^1.0.0",
        "dashdash": "^1.12.0",
        "ecc-jsbn": "~0.1.1",
        "getpass": "^0.1.1",
        "jsbn": "~0.1.0",
        "tweetnacl": "~0.14.0"
      }
    },
    "strict-uri-encode": {
      "version": "1.1.0",
      "resolved": "https://registry.npmjs.org/strict-uri-encode/-/strict-uri-encode-1.1.0.tgz",
      "integrity": "sha1-J5siXfHVgrH1TmWt3UNS4Y+qBxM=",
      "dev": true
    },
    "strip-indent": {
      "version": "2.0.0",
      "resolved": "http://registry.npm.taobao.org/strip-indent/download/strip-indent-2.0.0.tgz",
      "integrity": "sha1-XvjbKV0B5u1sv3qrlpmNeCJSe2g="
    },
    "strip-outer": {
      "version": "1.0.1",
      "resolved": "https://registry.npmjs.org/strip-outer/-/strip-outer-1.0.1.tgz",
      "integrity": "sha512-k55yxKHwaXnpYGsOzg4Vl8+tDrWylxDEpknGjhTiZB8dFRU5rTo9CAzeycivxV3s+zlTKwrs6WxMxR95n26kwg==",
      "dev": true,
      "requires": {
        "escape-string-regexp": "^1.0.2"
      }
    },
    "strip-url-auth": {
      "version": "1.0.1",
      "resolved": "https://registry.npmjs.org/strip-url-auth/-/strip-url-auth-1.0.1.tgz",
      "integrity": "sha1-IrD6OkE4WzO+PzMVUbu4N/oM164=",
      "dev": true
    },
    "throttle-debounce": {
      "version": "1.0.1",
      "resolved": "http://registry.npm.taobao.org/throttle-debounce/download/throttle-debounce-1.0.1.tgz",
      "integrity": "sha1-2tD+Ew+drzcZ/eoz3Dao5rp/MLU="
    },
    "tough-cookie": {
      "version": "2.3.4",
      "resolved": "http://registry.npm.taobao.org/tough-cookie/download/tough-cookie-2.3.4.tgz",
      "integrity": "sha1-7GDO44rGdQY//JelwYlwV47oNlU=",
      "dev": true,
      "optional": true,
      "requires": {
        "punycode": "^1.4.1"
      }
    },
    "trim-repeated": {
      "version": "1.0.0",
      "resolved": "https://registry.npmjs.org/trim-repeated/-/trim-repeated-1.0.0.tgz",
      "integrity": "sha1-42RqLqTokTEr9+rObPsFOAvAHCE=",
      "dev": true,
      "requires": {
        "escape-string-regexp": "^1.0.2"
      }
    },
    "tunnel-agent": {
      "version": "0.6.0",
      "resolved": "http://registry.npm.taobao.org/tunnel-agent/download/tunnel-agent-0.6.0.tgz",
      "integrity": "sha1-J6XeoGs2sEoKmWZ3SykIaPD8QP0=",
      "dev": true,
      "optional": true,
      "requires": {
        "safe-buffer": "^5.0.1"
      }
    },
    "tweetnacl": {
      "version": "0.14.5",
      "resolved": "http://registry.npm.taobao.org/tweetnacl/download/tweetnacl-0.14.5.tgz",
      "integrity": "sha1-WuaBd/GS1EViadEIr6k/+HQ/T2Q=",
      "dev": true,
      "optional": true
    },
    "universalify": {
      "version": "0.1.2",
      "resolved": "https://registry.npmjs.org/universalify/-/universalify-0.1.2.tgz",
      "integrity": "sha512-rBJeI5CXAlmy1pV+617WB9J63U6XcazHHF2f2dbJix4XzpUF0RS3Zbj0FGIOCAva5P/d/GBOYaACQ1w+0azUkg==",
      "dev": true
    },
    "uuid": {
      "version": "3.2.1",
      "resolved": "http://registry.npm.taobao.org/uuid/download/uuid-3.2.1.tgz",
      "integrity": "sha1-EsUou51Y0LkmXZovbw/ovhf/HxQ=",
      "dev": true,
      "optional": true
    },
    "verror": {
      "version": "1.10.0",
      "resolved": "http://registry.npm.taobao.org/verror/download/verror-1.10.0.tgz",
      "integrity": "sha1-OhBcoXBTr1XW4nDB+CiGguGNpAA=",
      "dev": true,
      "optional": true,
      "requires": {
        "assert-plus": "^1.0.0",
        "core-util-is": "1.0.2",
        "extsprintf": "^1.2.0"
      }
    },
    "vue": {
      "version": "2.5.16",
      "resolved": "http://registry.npm.taobao.org/vue/download/vue-2.5.16.tgz",
      "integrity": "sha1-B+23XoQSqu7YceuvqZ9GclhKAIU="
    },
    "vue-echarts": {
      "version": "3.0.7",
      "resolved": "http://registry.npm.taobao.org/vue-echarts/download/vue-echarts-3.0.7.tgz",
      "integrity": "sha1-0c46URVseoN5nldcy65T91JOtlU=",
      "dev": true,
      "requires": {
        "echarts": "^4.0.4",
        "lodash": "^4.17.4",
        "resize-detector": "^0.1.6"
      }
    },
    "vue-highlight.js": {
      "version": "2.2.0",
      "resolved": "http://registry.npm.taobao.org/vue-highlight.js/download/vue-highlight.js-2.2.0.tgz",
      "integrity": "sha1-lFdbJrFkvz2H3kqJi32ewNbvMhQ=",
      "requires": {
        "detect-indent": "^5.0.0",
        "redent": "^2.0.0"
      }
    },
    "vue-i18n": {
      "version": "8.15.0",
      "resolved": "https://registry.npmjs.org/vue-i18n/-/vue-i18n-8.15.0.tgz",
      "integrity": "sha512-juJ/avAP39bOMycC+qQDLJ8U9z9LtLF/9PsRoJLBSfsYZo9bqYntyyX5QPicwlb1emJKjgxhZ3YofHiQcXBu0Q==",
      "dev": true
    },
    "vue-router": {
      "version": "3.1.3",
      "resolved": "https://registry.npmjs.org/vue-router/-/vue-router-3.1.3.tgz",
      "integrity": "sha512-8iSa4mGNXBjyuSZFCCO4fiKfvzqk+mhL0lnKuGcQtO1eoj8nq3CmbEG8FwK5QqoqwDgsjsf1GDuisDX4cdb/aQ==",
      "dev": true
    },
    "vuex": {
      "version": "3.1.2",
      "resolved": "https://registry.npmjs.org/vuex/-/vuex-3.1.2.tgz",
      "integrity": "sha512-ha3jNLJqNhhrAemDXcmMJMKf1Zu4sybMPr9KxJIuOpVcsDQlTBYLLladav2U+g1AvdYDG5Gs0xBTb0M5pXXYFQ==",
      "dev": true
    },
    "which": {
      "version": "1.3.1",
      "resolved": "https://registry.npmjs.org/which/-/which-1.3.1.tgz",
      "integrity": "sha512-HxJdYWq1MTIQbJ3nw0cqssHoTNU267KlrDuGZ1WYlxDStUtKUhOaJmh112/TZmHxxUfuJqPXSOm7tDyas0OSIQ==",
      "dev": true,
      "requires": {
        "isexe": "^2.0.0"
      }
    },
    "wrappy": {
      "version": "1.0.2",
      "resolved": "https://registry.npmjs.org/wrappy/-/wrappy-1.0.2.tgz",
      "integrity": "sha1-tSQ9jz7BqjXxNkYFvA0QNuMKtp8=",
      "dev": true
    },
    "zrender": {
      "version": "4.0.4",
      "resolved": "http://registry.npm.taobao.org/zrender/download/zrender-4.0.4.tgz",
      "integrity": "sha1-kQ5g2IjwDJWZBz8jdY3SM0X+SP0=",
      "dev": true
    }
  }
}
